
Microsoft Visual Studio Solution File, Format Version 12.00
# Visual Studio Version 16
VisualStudioVersion = 16.0.29609.76
MinimumVisualStudioVersion = 10.0.40219.1
Project("{9A19103F-16F7-4668-BE54-9A1E7A4F7556}") = "ConsoleApp9", "ConsoleApp9\ConsoleApp9.csproj", "{027E51A5-EE45-42E7-8C56-EBEF31F58EF9}"
EndProject
Project("{9A19103F-16F7-4668-BE54-9A1E7A4F7556}") = "WebApplication1", "WebApplication1\WebApplication1.csproj", "{95AE310B-C42C-4D9C-B963-1FFFFB4E60E3}"
EndProject
Project("{9A19103F-16F7-4668-BE54-9A1E7A4F7556}") = "ClassLibrary1", "ClassLibrary1\ClassLibrary1.csproj", "{01805512-0F61-41B3-9D86-294CB3A16C2E}"
EndProject
Project("{FAE04EC0-301F-11D3-BF4B-00C04F79EFBC}") = "UnitTest", "UnitTest\UnitTest.csproj", "{1A9413EE-2928-421A-B25F-17529DD4DC4E}"
EndProject
Global
	GlobalSection(SolutionConfigurationPlatforms) = preSolution
		Debug|Any CPU = Debug|Any CPU
		Release|Any CPU = Release|Any CPU
	EndGlobalSection
	GlobalSection(ProjectConfigurationPlatforms) = postSolution
		{027E51A5-EE45-42E7-8C56-EBEF31F58EF9}.Debug|Any CPU.ActiveCfg = Debug|Any CPU
		{027E51A5-EE45-42E7-8C56-EBEF31F58EF9}.Debug|Any CPU.Build.0 = Debug|Any CPU
		{027E51A5-EE45-42E7-8C56-EBEF31F58EF9}.Release|Any CPU.ActiveCfg = Release|Any CPU
		{027E51A5-EE45-42E7-8C56-EBEF31F58EF9}.Release|Any CPU.Build.0 = Release|Any CPU
		{95AE310B-C42C-4D9C-B963-1FFFFB4E60E3}.Debug|Any CPU.ActiveCfg = Debug|Any CPU
		{95AE310B-C42C-4D9C-B963-1FFFFB4E60E3}.Debug|Any CPU.Build.0 = Debug|Any CPU
		{95AE310B-C42C-4D9C-B963-1FFFFB4E60E3}.Release|Any CPU.ActiveCfg = Release|Any CPU
		{95AE310B-C42C-4D9C-B963-1FFFFB4E60E3}.Release|Any CPU.Build.0 = Release|Any CPU
		{01805512-0F61-41B3-9D86-294CB3A16C2E}.Debug|Any CPU.ActiveCfg = Debug|Any CPU
		{01805512-0F61-41B3-9D86-294CB3A16C2E}.Debug|Any CPU.Build.0 = Debug|Any CPU
		{01805512-0F61-41B3-9D86-294CB3A16C2E}.Release|Any CPU.ActiveCfg = Release|Any CPU
		{01805512-0F61-41B3-9D86-294CB3A16C2E}.Release|Any CPU.Build.0 = Release|Any CPU
		{1A9413EE-2928-421A-B25F-17529DD4DC4E}.Debug|Any CPU.ActiveCfg = Debug|Any CPU
		{1A9413EE-2928-421A-B25F-17529DD4DC4E}.Debug|Any CPU.Build.0 = Debug|Any CPU
		{1A9413EE-2928-421A-B25F-17529DD4DC4E}.Release|Any CPU.ActiveCfg = Release|Any CPU
		{1A9413EE-2928-421A-B25F-17529DD4DC4E}.Release|Any CPU.Build.0 = Release|Any CPU
	EndGlobalSection
	GlobalSection(SolutionProperties) = preSolution
		HideSolutionNode = FALSE
	EndGlobalSection
	GlobalSection(ExtensibilityGlobals) = postSolution
		SolutionGuid = {EDCF9666-1C78-46A1-BBE3-8324B4F899A9}
	EndGlobalSection
EndGlobal
